
Microsoft Visual Studio Solution File, Format Version 12.00
# Visual Studio Version 17
VisualStudioVersion = 17.8.34525.116
MinimumVisualStudioVersion = 10.0.40219.1
Project("{FAE04EC0-301F-11D3-BF4B-00C04F79EFBC}") = "TesteMetodo", "TesteMetodo\TesteMetodo.csproj", "{0CAB5254-CBC2-4025-820D-B392D42C675B}"
EndProject
Project("{FAE04EC0-301F-11D3-BF4B-00C04F79EFBC}") = "MetodoComReturn", "MetodoComReturn\MetodoComReturn.csproj", "{AD47CD6C-E469-4D2B-9F39-EFBBA1FD27B5}"
EndProject
Project("{FAE04EC0-301F-11D3-BF4B-00C04F79EFBC}") = "MatriculaAlunosProva", "MatriculaAlunosProva\MatriculaAlunosProva.csproj", "{5DA98A33-64D8-4B43-A195-5F98A0353B17}"
EndProject
Global
	GlobalSection(SolutionConfigurationPlatforms) = preSolution
		Debug|Any CPU = Debug|Any CPU
		Release|Any CPU = Release|Any CPU
	EndGlobalSection
	GlobalSection(ProjectConfigurationPlatforms) = postSolution
		{0CAB5254-CBC2-4025-820D-B392D42C675B}.Debug|Any CPU.ActiveCfg = Debug|Any CPU
		{0CAB5254-CBC2-4025-820D-B392D42C675B}.Debug|Any CPU.Build.0 = Debug|Any CPU
		{0CAB5254-CBC2-4025-820D-B392D42C675B}.Release|Any CPU.ActiveCfg = Release|Any CPU
		{0CAB5254-CBC2-4025-820D-B392D42C675B}.Release|Any CPU.Build.0 = Release|Any CPU
		{AD47CD6C-E469-4D2B-9F39-EFBBA1FD27B5}.Debug|Any CPU.ActiveCfg = Debug|Any CPU
		{AD47CD6C-E469-4D2B-9F39-EFBBA1FD27B5}.Debug|Any CPU.Build.0 = Debug|Any CPU
		{AD47CD6C-E469-4D2B-9F39-EFBBA1FD27B5}.Release|Any CPU.ActiveCfg = Release|Any CPU
		{AD47CD6C-E469-4D2B-9F39-EFBBA1FD27B5}.Release|Any CPU.Build.0 = Release|Any CPU
		{5DA98A33-64D8-4B43-A195-5F98A0353B17}.Debug|Any CPU.ActiveCfg = Debug|Any CPU
		{5DA98A33-64D8-4B43-A195-5F98A0353B17}.Debug|Any CPU.Build.0 = Debug|Any CPU
		{5DA98A33-64D8-4B43-A195-5F98A0353B17}.Release|Any CPU.ActiveCfg = Release|Any CPU
		{5DA98A33-64D8-4B43-A195-5F98A0353B17}.Release|Any CPU.Build.0 = Release|Any CPU
	EndGlobalSection
	GlobalSection(SolutionProperties) = preSolution
		HideSolutionNode = FALSE
	EndGlobalSection
	GlobalSection(ExtensibilityGlobals) = postSolution
		SolutionGuid = {9E3DE12F-D66B-4C1A-8879-B06225B2CC9D}
	EndGlobalSection
EndGlobal
